// !$*UTF8*$!
{
	archiveVersion = 1;
	classes = {
	};
	objectVersion = 56;
	objects = {

/* Begin PBXBuildFile section */
		FA26F9AA2B4EC380009C4BE0 /* ImageViewExtension.swift in Sources */ = {isa = PBXBuildFile; fileRef = FA26F9A92B4EC380009C4BE0 /* ImageViewExtension.swift */; };
		FA26F9AC2B4ECAA4009C4BE0 /* UICollectionViewFlowLayoutExtension.swift in Sources */ = {isa = PBXBuildFile; fileRef = FA26F9AB2B4ECAA4009C4BE0 /* UICollectionViewFlowLayoutExtension.swift */; };
		FA26F9AE2B4ECEF0009C4BE0 /* SegmentedControlExtension.swift in Sources */ = {isa = PBXBuildFile; fileRef = FA26F9AD2B4ECEF0009C4BE0 /* SegmentedControlExtension.swift */; };
		FA566AC42B4D6E1400A1C034 /* AppDelegate.swift in Sources */ = {isa = PBXBuildFile; fileRef = FA566AC32B4D6E1400A1C034 /* AppDelegate.swift */; };
		FA566AC62B4D6E1400A1C034 /* SceneDelegate.swift in Sources */ = {isa = PBXBuildFile; fileRef = FA566AC52B4D6E1400A1C034 /* SceneDelegate.swift */; };
		FA566ACB2B4D6E1400A1C034 /* Main.storyboard in Resources */ = {isa = PBXBuildFile; fileRef = FA566AC92B4D6E1400A1C034 /* Main.storyboard */; };
		FA566ACD2B4D6E1600A1C034 /* Assets.xcassets in Resources */ = {isa = PBXBuildFile; fileRef = FA566ACC2B4D6E1600A1C034 /* Assets.xcassets */; };
		FA566AD02B4D6E1600A1C034 /* LaunchScreen.storyboard in Resources */ = {isa = PBXBuildFile; fileRef = FA566ACE2B4D6E1600A1C034 /* LaunchScreen.storyboard */; };
		FA566AD92B4D6E2B00A1C034 /* Kingfisher in Frameworks */ = {isa = PBXBuildFile; productRef = FA566AD82B4D6E2B00A1C034 /* Kingfisher */; };
		FA566ADD2B4D6EA700A1C034 /* CityCollectionViewCell.swift in Sources */ = {isa = PBXBuildFile; fileRef = FA566ADB2B4D6EA700A1C034 /* CityCollectionViewCell.swift */; };
		FA566ADE2B4D6EA700A1C034 /* CityCollectionViewCell.xib in Resources */ = {isa = PBXBuildFile; fileRef = FA566ADC2B4D6EA700A1C034 /* CityCollectionViewCell.xib */; };
		FA566AE02B4D6F1200A1C034 /* CityInfo.swift in Sources */ = {isa = PBXBuildFile; fileRef = FA566ADF2B4D6F1200A1C034 /* CityInfo.swift */; };
		FA566AE32B4D6F4E00A1C034 /* City.swift in Sources */ = {isa = PBXBuildFile; fileRef = FA566AE22B4D6F4E00A1C034 /* City.swift */; };
		FA566AE62B4D735E00A1C034 /* CityCollectionViewController.swift in Sources */ = {isa = PBXBuildFile; fileRef = FA566AE52B4D735E00A1C034 /* CityCollectionViewController.swift */; };
		FA566AE82B4D7F9A00A1C034 /* CityTableViewController.swift in Sources */ = {isa = PBXBuildFile; fileRef = FA566AE72B4D7F9A00A1C034 /* CityTableViewController.swift */; };
		FA566AEA2B4D82B000A1C034 /* CityViewController.swift in Sources */ = {isa = PBXBuildFile; fileRef = FA566AE92B4D82B000A1C034 /* CityViewController.swift */; };
		FA566AF02B4D913C00A1C034 /* CityType.swift in Sources */ = {isa = PBXBuildFile; fileRef = FA566AEF2B4D913C00A1C034 /* CityType.swift */; };
		FACB918D2B4ED41300C24CE5 /* ViewPresentableProtocol.swift in Sources */ = {isa = PBXBuildFile; fileRef = FACB918C2B4ED41300C24CE5 /* ViewPresentableProtocol.swift */; };
		FAD33C8A2B50266200BAFFEE /* CityDetailViewController.swift in Sources */ = {isa = PBXBuildFile; fileRef = FAD33C892B50266200BAFFEE /* CityDetailViewController.swift */; };
		FAD33C8D2B5028B600BAFFEE /* TouristSpotTableViewCell.swift in Sources */ = {isa = PBXBuildFile; fileRef = FAD33C8B2B5028B600BAFFEE /* TouristSpotTableViewCell.swift */; };
		FAD33C8E2B5028B600BAFFEE /* TouristSpotTableViewCell.xib in Resources */ = {isa = PBXBuildFile; fileRef = FAD33C8C2B5028B600BAFFEE /* TouristSpotTableViewCell.xib */; };
		FAD33C942B5028D800BAFFEE /* ADTableViewCell.swift in Sources */ = {isa = PBXBuildFile; fileRef = FAD33C922B5028D800BAFFEE /* ADTableViewCell.swift */; };
		FAD33C952B5028D800BAFFEE /* ADTableViewCell.xib in Resources */ = {isa = PBXBuildFile; fileRef = FAD33C932B5028D800BAFFEE /* ADTableViewCell.xib */; };
		FAD33C992B50292300BAFFEE /* CityDetailView.storyboard in Resources */ = {isa = PBXBuildFile; fileRef = FAD33C982B50292300BAFFEE /* CityDetailView.storyboard */; };
		FAD33C9B2B50298E00BAFFEE /* TravelModel.swift in Sources */ = {isa = PBXBuildFile; fileRef = FAD33C9A2B50298E00BAFFEE /* TravelModel.swift */; };
		FAD33C9D2B5029B800BAFFEE /* Travel.swift in Sources */ = {isa = PBXBuildFile; fileRef = FAD33C9C2B5029B800BAFFEE /* Travel.swift */; };
		FAD33C9F2B503EBF00BAFFEE /* ConfigureableTravelCellProtocol.swift in Sources */ = {isa = PBXBuildFile; fileRef = FAD33C9E2B503EBF00BAFFEE /* ConfigureableTravelCellProtocol.swift */; };
		FAD33CA12B504B1500BAFFEE /* TouristSpotView.storyboard in Resources */ = {isa = PBXBuildFile; fileRef = FAD33CA02B504B1500BAFFEE /* TouristSpotView.storyboard */; };
		FAD33CA32B504B2000BAFFEE /* ADView.storyboard in Resources */ = {isa = PBXBuildFile; fileRef = FAD33CA22B504B2000BAFFEE /* ADView.storyboard */; };
		FAD33CA52B50532100BAFFEE /* TouristSpotViewController.swift in Sources */ = {isa = PBXBuildFile; fileRef = FAD33CA42B50532100BAFFEE /* TouristSpotViewController.swift */; };
		FAD33CA72B50533400BAFFEE /* ADViewController.swift in Sources */ = {isa = PBXBuildFile; fileRef = FAD33CA62B50533400BAFFEE /* ADViewController.swift */; };
		FAD33CA92B505AD500BAFFEE /* UINavigationControllerExtension.swift in Sources */ = {isa = PBXBuildFile; fileRef = FAD33CA82B505AD500BAFFEE /* UINavigationControllerExtension.swift */; };
/* End PBXBuildFile section */

/* Begin PBXFileReference section */
		FA26F9A92B4EC380009C4BE0 /* ImageViewExtension.swift */ = {isa = PBXFileReference; lastKnownFileType = sourcecode.swift; path = ImageViewExtension.swift; sourceTree = "<group>"; };
		FA26F9AB2B4ECAA4009C4BE0 /* UICollectionViewFlowLayoutExtension.swift */ = {isa = PBXFileReference; lastKnownFileType = sourcecode.swift; path = UICollectionViewFlowLayoutExtension.swift; sourceTree = "<group>"; };
		FA26F9AD2B4ECEF0009C4BE0 /* SegmentedControlExtension.swift */ = {isa = PBXFileReference; lastKnownFileType = sourcecode.swift; path = SegmentedControlExtension.swift; sourceTree = "<group>"; };
		FA566AC02B4D6E1400A1C034 /* SeSAC4PopularCity.app */ = {isa = PBXFileReference; explicitFileType = wrapper.application; includeInIndex = 0; path = SeSAC4PopularCity.app; sourceTree = BUILT_PRODUCTS_DIR; };
		FA566AC32B4D6E1400A1C034 /* AppDelegate.swift */ = {isa = PBXFileReference; lastKnownFileType = sourcecode.swift; path = AppDelegate.swift; sourceTree = "<group>"; };
		FA566AC52B4D6E1400A1C034 /* SceneDelegate.swift */ = {isa = PBXFileReference; lastKnownFileType = sourcecode.swift; path = SceneDelegate.swift; sourceTree = "<group>"; };
		FA566ACA2B4D6E1400A1C034 /* Base */ = {isa = PBXFileReference; lastKnownFileType = file.storyboard; name = Base; path = Base.lproj/Main.storyboard; sourceTree = "<group>"; };
		FA566ACC2B4D6E1600A1C034 /* Assets.xcassets */ = {isa = PBXFileReference; lastKnownFileType = folder.assetcatalog; path = Assets.xcassets; sourceTree = "<group>"; };
		FA566ACF2B4D6E1600A1C034 /* Base */ = {isa = PBXFileReference; lastKnownFileType = file.storyboard; name = Base; path = Base.lproj/LaunchScreen.storyboard; sourceTree = "<group>"; };
		FA566AD12B4D6E1600A1C034 /* Info.plist */ = {isa = PBXFileReference; lastKnownFileType = text.plist.xml; path = Info.plist; sourceTree = "<group>"; };
		FA566ADB2B4D6EA700A1C034 /* CityCollectionViewCell.swift */ = {isa = PBXFileReference; lastKnownFileType = sourcecode.swift; path = CityCollectionViewCell.swift; sourceTree = "<group>"; };
		FA566ADC2B4D6EA700A1C034 /* CityCollectionViewCell.xib */ = {isa = PBXFileReference; lastKnownFileType = file.xib; path = CityCollectionViewCell.xib; sourceTree = "<group>"; };
		FA566ADF2B4D6F1200A1C034 /* CityInfo.swift */ = {isa = PBXFileReference; fileEncoding = 4; lastKnownFileType = sourcecode.swift; path = CityInfo.swift; sourceTree = "<group>"; };
		FA566AE22B4D6F4E00A1C034 /* City.swift */ = {isa = PBXFileReference; lastKnownFileType = sourcecode.swift; path = City.swift; sourceTree = "<group>"; };
		FA566AE52B4D735E00A1C034 /* CityCollectionViewController.swift */ = {isa = PBXFileReference; lastKnownFileType = sourcecode.swift; path = CityCollectionViewController.swift; sourceTree = "<group>"; };
		FA566AE72B4D7F9A00A1C034 /* CityTableViewController.swift */ = {isa = PBXFileReference; lastKnownFileType = sourcecode.swift; path = CityTableViewController.swift; sourceTree = "<group>"; };
		FA566AE92B4D82B000A1C034 /* CityViewController.swift */ = {isa = PBXFileReference; lastKnownFileType = sourcecode.swift; path = CityViewController.swift; sourceTree = "<group>"; };
		FA566AEF2B4D913C00A1C034 /* CityType.swift */ = {isa = PBXFileReference; lastKnownFileType = sourcecode.swift; path = CityType.swift; sourceTree = "<group>"; };
		FACB918C2B4ED41300C24CE5 /* ViewPresentableProtocol.swift */ = {isa = PBXFileReference; lastKnownFileType = sourcecode.swift; path = ViewPresentableProtocol.swift; sourceTree = "<group>"; };
		FAD33C892B50266200BAFFEE /* CityDetailViewController.swift */ = {isa = PBXFileReference; lastKnownFileType = sourcecode.swift; path = CityDetailViewController.swift; sourceTree = "<group>"; };
		FAD33C8B2B5028B600BAFFEE /* TouristSpotTableViewCell.swift */ = {isa = PBXFileReference; lastKnownFileType = sourcecode.swift; path = TouristSpotTableViewCell.swift; sourceTree = "<group>"; };
		FAD33C8C2B5028B600BAFFEE /* TouristSpotTableViewCell.xib */ = {isa = PBXFileReference; lastKnownFileType = file.xib; path = TouristSpotTableViewCell.xib; sourceTree = "<group>"; };
		FAD33C922B5028D800BAFFEE /* ADTableViewCell.swift */ = {isa = PBXFileReference; lastKnownFileType = sourcecode.swift; path = ADTableViewCell.swift; sourceTree = "<group>"; };
		FAD33C932B5028D800BAFFEE /* ADTableViewCell.xib */ = {isa = PBXFileReference; lastKnownFileType = file.xib; path = ADTableViewCell.xib; sourceTree = "<group>"; };
		FAD33C982B50292300BAFFEE /* CityDetailView.storyboard */ = {isa = PBXFileReference; lastKnownFileType = file.storyboard; path = CityDetailView.storyboard; sourceTree = "<group>"; };
		FAD33C9A2B50298E00BAFFEE /* TravelModel.swift */ = {isa = PBXFileReference; fileEncoding = 4; lastKnownFileType = sourcecode.swift; path = TravelModel.swift; sourceTree = "<group>"; };
		FAD33C9C2B5029B800BAFFEE /* Travel.swift */ = {isa = PBXFileReference; lastKnownFileType = sourcecode.swift; path = Travel.swift; sourceTree = "<group>"; };
		FAD33C9E2B503EBF00BAFFEE /* ConfigureableTravelCellProtocol.swift */ = {isa = PBXFileReference; lastKnownFileType = sourcecode.swift; path = ConfigureableTravelCellProtocol.swift; sourceTree = "<group>"; };
		FAD33CA02B504B1500BAFFEE /* TouristSpotView.storyboard */ = {isa = PBXFileReference; lastKnownFileType = file.storyboard; path = TouristSpotView.storyboard; sourceTree = "<group>"; };
		FAD33CA22B504B2000BAFFEE /* ADView.storyboard */ = {isa = PBXFileReference; lastKnownFileType = file.storyboard; path = ADView.storyboard; sourceTree = "<group>"; };
		FAD33CA42B50532100BAFFEE /* TouristSpotViewController.swift */ = {isa = PBXFileReference; lastKnownFileType = sourcecode.swift; path = TouristSpotViewController.swift; sourceTree = "<group>"; };
		FAD33CA62B50533400BAFFEE /* ADViewController.swift */ = {isa = PBXFileReference; lastKnownFileType = sourcecode.swift; path = ADViewController.swift; sourceTree = "<group>"; };
		FAD33CA82B505AD500BAFFEE /* UINavigationControllerExtension.swift */ = {isa = PBXFileReference; lastKnownFileType = sourcecode.swift; path = UINavigationControllerExtension.swift; sourceTree = "<group>"; };
/* End PBXFileReference section */

/* Begin PBXFrameworksBuildPhase section */
		FA566ABD2B4D6E1400A1C034 /* Frameworks */ = {
			isa = PBXFrameworksBuildPhase;
			buildActionMask = 2147483647;
			files = (
				FA566AD92B4D6E2B00A1C034 /* Kingfisher in Frameworks */,
			);
			runOnlyForDeploymentPostprocessing = 0;
		};
/* End PBXFrameworksBuildPhase section */

/* Begin PBXGroup section */
		FA26F9A82B4EC373009C4BE0 /* Extension */ = {
			isa = PBXGroup;
			children = (
				FA26F9A92B4EC380009C4BE0 /* ImageViewExtension.swift */,
				FA26F9AB2B4ECAA4009C4BE0 /* UICollectionViewFlowLayoutExtension.swift */,
				FA26F9AD2B4ECEF0009C4BE0 /* SegmentedControlExtension.swift */,
				FAD33CA82B505AD500BAFFEE /* UINavigationControllerExtension.swift */,
			);
			path = Extension;
			sourceTree = "<group>";
		};
		FA566AB72B4D6E1400A1C034 = {
			isa = PBXGroup;
			children = (
				FA566AC22B4D6E1400A1C034 /* SeSAC4PopularCity */,
				FA566AC12B4D6E1400A1C034 /* Products */,
			);
			sourceTree = "<group>";
		};
		FA566AC12B4D6E1400A1C034 /* Products */ = {
			isa = PBXGroup;
			children = (
				FA566AC02B4D6E1400A1C034 /* SeSAC4PopularCity.app */,
			);
			name = Products;
			sourceTree = "<group>";
		};
		FA566AC22B4D6E1400A1C034 /* SeSAC4PopularCity */ = {
			isa = PBXGroup;
			children = (
				FACB918A2B4ED40200C24CE5 /* Protocol */,
				FA26F9A82B4EC373009C4BE0 /* Extension */,
				FA566AE42B4D734900A1C034 /* Controller */,
				FA566AE12B4D6F1400A1C034 /* Model */,
				FAD33C962B50290900BAFFEE /* View */,
				FA566ADA2B4D6E8B00A1C034 /* Collection */,
				FA566AC32B4D6E1400A1C034 /* AppDelegate.swift */,
				FA566AC52B4D6E1400A1C034 /* SceneDelegate.swift */,
				FA566AC92B4D6E1400A1C034 /* Main.storyboard */,
				FA566ACC2B4D6E1600A1C034 /* Assets.xcassets */,
				FA566ACE2B4D6E1600A1C034 /* LaunchScreen.storyboard */,
				FA566AD12B4D6E1600A1C034 /* Info.plist */,
			);
			path = SeSAC4PopularCity;
			sourceTree = "<group>";
		};
		FA566ADA2B4D6E8B00A1C034 /* Collection */ = {
			isa = PBXGroup;
			children = (
				FA566ADB2B4D6EA700A1C034 /* CityCollectionViewCell.swift */,
				FA566ADC2B4D6EA700A1C034 /* CityCollectionViewCell.xib */,
				FAD33C8B2B5028B600BAFFEE /* TouristSpotTableViewCell.swift */,
				FAD33C8C2B5028B600BAFFEE /* TouristSpotTableViewCell.xib */,
				FAD33C922B5028D800BAFFEE /* ADTableViewCell.swift */,
				FAD33C932B5028D800BAFFEE /* ADTableViewCell.xib */,
			);
			path = Collection;
			sourceTree = "<group>";
		};
		FA566AE12B4D6F1400A1C034 /* Model */ = {
			isa = PBXGroup;
			children = (
				FAD33C9C2B5029B800BAFFEE /* Travel.swift */,
				FAD33C9A2B50298E00BAFFEE /* TravelModel.swift */,
				FA566ADF2B4D6F1200A1C034 /* CityInfo.swift */,
				FA566AE22B4D6F4E00A1C034 /* City.swift */,
				FA566AEF2B4D913C00A1C034 /* CityType.swift */,
			);
			path = Model;
			sourceTree = "<group>";
		};
		FA566AE42B4D734900A1C034 /* Controller */ = {
			isa = PBXGroup;
			children = (
				FA566AE52B4D735E00A1C034 /* CityCollectionViewController.swift */,
				FA566AE72B4D7F9A00A1C034 /* CityTableViewController.swift */,
				FA566AE92B4D82B000A1C034 /* CityViewController.swift */,
				FAD33C892B50266200BAFFEE /* CityDetailViewController.swift */,
				FAD33CA42B50532100BAFFEE /* TouristSpotViewController.swift */,
				FAD33CA62B50533400BAFFEE /* ADViewController.swift */,
			);
			path = Controller;
			sourceTree = "<group>";
		};
		FACB918A2B4ED40200C24CE5 /* Protocol */ = {
			isa = PBXGroup;
			children = (
				FACB918C2B4ED41300C24CE5 /* ViewPresentableProtocol.swift */,
				FAD33C9E2B503EBF00BAFFEE /* ConfigureableTravelCellProtocol.swift */,
			);
			path = Protocol;
			sourceTree = "<group>";
		};
		FAD33C962B50290900BAFFEE /* View */ = {
			isa = PBXGroup;
			children = (
				FAD33C982B50292300BAFFEE /* CityDetailView.storyboard */,
				FAD33CA02B504B1500BAFFEE /* TouristSpotView.storyboard */,
				FAD33CA22B504B2000BAFFEE /* ADView.storyboard */,
			);
			path = View;
			sourceTree = "<group>";
		};
/* End PBXGroup section */

/* Begin PBXNativeTarget section */
		FA566ABF2B4D6E1400A1C034 /* SeSAC4PopularCity */ = {
			isa = PBXNativeTarget;
			buildConfigurationList = FA566AD42B4D6E1600A1C034 /* Build configuration list for PBXNativeTarget "SeSAC4PopularCity" */;
			buildPhases = (
				FA566ABC2B4D6E1400A1C034 /* Sources */,
				FA566ABD2B4D6E1400A1C034 /* Frameworks */,
				FA566ABE2B4D6E1400A1C034 /* Resources */,
			);
			buildRules = (
			);
			dependencies = (
			);
			name = SeSAC4PopularCity;
			packageProductDependencies = (
				FA566AD82B4D6E2B00A1C034 /* Kingfisher */,
			);
			productName = SeSAC4PopularCity;
			productReference = FA566AC02B4D6E1400A1C034 /* SeSAC4PopularCity.app */;
			productType = "com.apple.product-type.application";
		};
/* End PBXNativeTarget section */

/* Begin PBXProject section */
		FA566AB82B4D6E1400A1C034 /* Project object */ = {
			isa = PBXProject;
			attributes = {
				BuildIndependentTargetsInParallel = 1;
				LastSwiftUpdateCheck = 1510;
				LastUpgradeCheck = 1510;
				TargetAttributes = {
					FA566ABF2B4D6E1400A1C034 = {
						CreatedOnToolsVersion = 15.1;
					};
				};
			};
			buildConfigurationList = FA566ABB2B4D6E1400A1C034 /* Build configuration list for PBXProject "SeSAC4PopularCity" */;
			compatibilityVersion = "Xcode 14.0";
			developmentRegion = en;
			hasScannedForEncodings = 0;
			knownRegions = (
				en,
				Base,
			);
			mainGroup = FA566AB72B4D6E1400A1C034;
			packageReferences = (
				FA566AD72B4D6E2B00A1C034 /* XCRemoteSwiftPackageReference "Kingfisher" */,
			);
			productRefGroup = FA566AC12B4D6E1400A1C034 /* Products */;
			projectDirPath = "";
			projectRoot = "";
			targets = (
				FA566ABF2B4D6E1400A1C034 /* SeSAC4PopularCity */,
			);
		};
/* End PBXProject section */

/* Begin PBXResourcesBuildPhase section */
		FA566ABE2B4D6E1400A1C034 /* Resources */ = {
			isa = PBXResourcesBuildPhase;
			buildActionMask = 2147483647;
			files = (
				FAD33C992B50292300BAFFEE /* CityDetailView.storyboard in Resources */,
				FAD33C952B5028D800BAFFEE /* ADTableViewCell.xib in Resources */,
				FAD33C8E2B5028B600BAFFEE /* TouristSpotTableViewCell.xib in Resources */,
				FAD33CA32B504B2000BAFFEE /* ADView.storyboard in Resources */,
				FA566AD02B4D6E1600A1C034 /* LaunchScreen.storyboard in Resources */,
				FAD33CA12B504B1500BAFFEE /* TouristSpotView.storyboard in Resources */,
				FA566ACD2B4D6E1600A1C034 /* Assets.xcassets in Resources */,
				FA566ACB2B4D6E1400A1C034 /* Main.storyboard in Resources */,
				FA566ADE2B4D6EA700A1C034 /* CityCollectionViewCell.xib in Resources */,
			);
			runOnlyForDeploymentPostprocessing = 0;
		};
/* End PBXResourcesBuildPhase section */

/* Begin PBXSourcesBuildPhase section */
		FA566ABC2B4D6E1400A1C034 /* Sources */ = {
			isa = PBXSourcesBuildPhase;
			buildActionMask = 2147483647;
			files = (
				FA566AC42B4D6E1400A1C034 /* AppDelegate.swift in Sources */,
				FAD33CA52B50532100BAFFEE /* TouristSpotViewController.swift in Sources */,
				FA566AE62B4D735E00A1C034 /* CityCollectionViewController.swift in Sources */,
				FA566AE32B4D6F4E00A1C034 /* City.swift in Sources */,
				FAD33C9B2B50298E00BAFFEE /* TravelModel.swift in Sources */,
				FA566AEA2B4D82B000A1C034 /* CityViewController.swift in Sources */,
				FA566AE82B4D7F9A00A1C034 /* CityTableViewController.swift in Sources */,
				FAD33CA92B505AD500BAFFEE /* UINavigationControllerExtension.swift in Sources */,
				FACB918D2B4ED41300C24CE5 /* ViewPresentableProtocol.swift in Sources */,
				FA26F9AA2B4EC380009C4BE0 /* ImageViewExtension.swift in Sources */,
				FA26F9AC2B4ECAA4009C4BE0 /* UICollectionViewFlowLayoutExtension.swift in Sources */,
				FAD33C942B5028D800BAFFEE /* ADTableViewCell.swift in Sources */,
				FA566AF02B4D913C00A1C034 /* CityType.swift in Sources */,
				FA26F9AE2B4ECEF0009C4BE0 /* SegmentedControlExtension.swift in Sources */,
				FAD33C8D2B5028B600BAFFEE /* TouristSpotTableViewCell.swift in Sources */,
				FAD33C8A2B50266200BAFFEE /* CityDetailViewController.swift in Sources */,
				FA566ADD2B4D6EA700A1C034 /* CityCollectionViewCell.swift in Sources */,
				FAD33C9F2B503EBF00BAFFEE /* ConfigureableTravelCellProtocol.swift in Sources */,
				FAD33C9D2B5029B800BAFFEE /* Travel.swift in Sources */,
				FA566AE02B4D6F1200A1C034 /* CityInfo.swift in Sources */,
				FAD33CA72B50533400BAFFEE /* ADViewController.swift in Sources */,
				FA566AC62B4D6E1400A1C034 /* SceneDelegate.swift in Sources */,
			);
			runOnlyForDeploymentPostprocessing = 0;
		};
/* End PBXSourcesBuildPhase section */

/* Begin PBXVariantGroup section */
		FA566AC92B4D6E1400A1C034 /* Main.storyboard */ = {
			isa = PBXVariantGroup;
			children = (
				FA566ACA2B4D6E1400A1C034 /* Base */,
			);
			name = Main.storyboard;
			sourceTree = "<group>";
		};
		FA566ACE2B4D6E1600A1C034 /* LaunchScreen.storyboard */ = {
			isa = PBXVariantGroup;
			children = (
				FA566ACF2B4D6E1600A1C034 /* Base */,
			);
			name = LaunchScreen.storyboard;
			sourceTree = "<group>";
		};
/* End PBXVariantGroup section */

/* Begin XCBuildConfiguration section */
		FA566AD22B4D6E1600A1C034 /* Debug */ = {
			isa = XCBuildConfiguration;
			buildSettings = {
				ALWAYS_SEARCH_USER_PATHS = NO;
				ASSETCATALOG_COMPILER_GENERATE_SWIFT_ASSET_SYMBOL_EXTENSIONS = YES;
				CLANG_ANALYZER_NONNULL = YES;
				CLANG_ANALYZER_NUMBER_OBJECT_CONVERSION = YES_AGGRESSIVE;
				CLANG_CXX_LANGUAGE_STANDARD = "gnu++20";
				CLANG_ENABLE_MODULES = YES;
				CLANG_ENABLE_OBJC_ARC = YES;
				CLANG_ENABLE_OBJC_WEAK = YES;
				CLANG_WARN_BLOCK_CAPTURE_AUTORELEASING = YES;
				CLANG_WARN_BOOL_CONVERSION = YES;
				CLANG_WARN_COMMA = YES;
				CLANG_WARN_CONSTANT_CONVERSION = YES;
				CLANG_WARN_DEPRECATED_OBJC_IMPLEMENTATIONS = YES;
				CLANG_WARN_DIRECT_OBJC_ISA_USAGE = YES_ERROR;
				CLANG_WARN_DOCUMENTATION_COMMENTS = YES;
				CLANG_WARN_EMPTY_BODY = YES;
				CLANG_WARN_ENUM_CONVERSION = YES;
				CLANG_WARN_INFINITE_RECURSION = YES;
				CLANG_WARN_INT_CONVERSION = YES;
				CLANG_WARN_NON_LITERAL_NULL_CONVERSION = YES;
				CLANG_WARN_OBJC_IMPLICIT_RETAIN_SELF = YES;
				CLANG_WARN_OBJC_LITERAL_CONVERSION = YES;
				CLANG_WARN_OBJC_ROOT_CLASS = YES_ERROR;
				CLANG_WARN_QUOTED_INCLUDE_IN_FRAMEWORK_HEADER = YES;
				CLANG_WARN_RANGE_LOOP_ANALYSIS = YES;
				CLANG_WARN_STRICT_PROTOTYPES = YES;
				CLANG_WARN_SUSPICIOUS_MOVE = YES;
				CLANG_WARN_UNGUARDED_AVAILABILITY = YES_AGGRESSIVE;
				CLANG_WARN_UNREACHABLE_CODE = YES;
				CLANG_WARN__DUPLICATE_METHOD_MATCH = YES;
				COPY_PHASE_STRIP = NO;
				DEBUG_INFORMATION_FORMAT = dwarf;
				ENABLE_STRICT_OBJC_MSGSEND = YES;
				ENABLE_TESTABILITY = YES;
				ENABLE_USER_SCRIPT_SANDBOXING = YES;
				GCC_C_LANGUAGE_STANDARD = gnu17;
				GCC_DYNAMIC_NO_PIC = NO;
				GCC_NO_COMMON_BLOCKS = YES;
				GCC_OPTIMIZATION_LEVEL = 0;
				GCC_PREPROCESSOR_DEFINITIONS = (
					"DEBUG=1",
					"$(inherited)",
				);
				GCC_WARN_64_TO_32_BIT_CONVERSION = YES;
				GCC_WARN_ABOUT_RETURN_TYPE = YES_ERROR;
				GCC_WARN_UNDECLARED_SELECTOR = YES;
				GCC_WARN_UNINITIALIZED_AUTOS = YES_AGGRESSIVE;
				GCC_WARN_UNUSED_FUNCTION = YES;
				GCC_WARN_UNUSED_VARIABLE = YES;
				IPHONEOS_DEPLOYMENT_TARGET = 17.2;
				LOCALIZATION_PREFERS_STRING_CATALOGS = YES;
				MTL_ENABLE_DEBUG_INFO = INCLUDE_SOURCE;
				MTL_FAST_MATH = YES;
				ONLY_ACTIVE_ARCH = YES;
				SDKROOT = iphoneos;
				SWIFT_ACTIVE_COMPILATION_CONDITIONS = "DEBUG $(inherited)";
				SWIFT_OPTIMIZATION_LEVEL = "-Onone";
			};
			name = Debug;
		};
		FA566AD32B4D6E1600A1C034 /* Release */ = {
			isa = XCBuildConfiguration;
			buildSettings = {
				ALWAYS_SEARCH_USER_PATHS = NO;
				ASSETCATALOG_COMPILER_GENERATE_SWIFT_ASSET_SYMBOL_EXTENSIONS = YES;
				CLANG_ANALYZER_NONNULL = YES;
				CLANG_ANALYZER_NUMBER_OBJECT_CONVERSION = YES_AGGRESSIVE;
				CLANG_CXX_LANGUAGE_STANDARD = "gnu++20";
				CLANG_ENABLE_MODULES = YES;
				CLANG_ENABLE_OBJC_ARC = YES;
				CLANG_ENABLE_OBJC_WEAK = YES;
				CLANG_WARN_BLOCK_CAPTURE_AUTORELEASING = YES;
				CLANG_WARN_BOOL_CONVERSION = YES;
				CLANG_WARN_COMMA = YES;
				CLANG_WARN_CONSTANT_CONVERSION = YES;
				CLANG_WARN_DEPRECATED_OBJC_IMPLEMENTATIONS = YES;
				CLANG_WARN_DIRECT_OBJC_ISA_USAGE = YES_ERROR;
				CLANG_WARN_DOCUMENTATION_COMMENTS = YES;
				CLANG_WARN_EMPTY_BODY = YES;
				CLANG_WARN_ENUM_CONVERSION = YES;
				CLANG_WARN_INFINITE_RECURSION = YES;
				CLANG_WARN_INT_CONVERSION = YES;
				CLANG_WARN_NON_LITERAL_NULL_CONVERSION = YES;
				CLANG_WARN_OBJC_IMPLICIT_RETAIN_SELF = YES;
				CLANG_WARN_OBJC_LITERAL_CONVERSION = YES;
				CLANG_WARN_OBJC_ROOT_CLASS = YES_ERROR;
				CLANG_WARN_QUOTED_INCLUDE_IN_FRAMEWORK_HEADER = YES;
				CLANG_WARN_RANGE_LOOP_ANALYSIS = YES;
				CLANG_WARN_STRICT_PROTOTYPES = YES;
				CLANG_WARN_SUSPICIOUS_MOVE = YES;
				CLANG_WARN_UNGUARDED_AVAILABILITY = YES_AGGRESSIVE;
				CLANG_WARN_UNREACHABLE_CODE = YES;
				CLANG_WARN__DUPLICATE_METHOD_MATCH = YES;
				COPY_PHASE_STRIP = NO;
				DEBUG_INFORMATION_FORMAT = "dwarf-with-dsym";
				ENABLE_NS_ASSERTIONS = NO;
				ENABLE_STRICT_OBJC_MSGSEND = YES;
				ENABLE_USER_SCRIPT_SANDBOXING = YES;
				GCC_C_LANGUAGE_STANDARD = gnu17;
				GCC_NO_COMMON_BLOCKS = YES;
				GCC_WARN_64_TO_32_BIT_CONVERSION = YES;
				GCC_WARN_ABOUT_RETURN_TYPE = YES_ERROR;
				GCC_WARN_UNDECLARED_SELECTOR = YES;
				GCC_WARN_UNINITIALIZED_AUTOS = YES_AGGRESSIVE;
				GCC_WARN_UNUSED_FUNCTION = YES;
				GCC_WARN_UNUSED_VARIABLE = YES;
				IPHONEOS_DEPLOYMENT_TARGET = 17.2;
				LOCALIZATION_PREFERS_STRING_CATALOGS = YES;
				MTL_ENABLE_DEBUG_INFO = NO;
				MTL_FAST_MATH = YES;
				SDKROOT = iphoneos;
				SWIFT_COMPILATION_MODE = wholemodule;
				VALIDATE_PRODUCT = YES;
			};
			name = Release;
		};
		FA566AD52B4D6E1600A1C034 /* Debug */ = {
			isa = XCBuildConfiguration;
			buildSettings = {
				ASSETCATALOG_COMPILER_APPICON_NAME = AppIcon;
				ASSETCATALOG_COMPILER_GLOBAL_ACCENT_COLOR_NAME = AccentColor;
				CODE_SIGN_STYLE = Automatic;
				CURRENT_PROJECT_VERSION = 1;
				DEVELOPMENT_TEAM = JJS82CC46U;
				GENERATE_INFOPLIST_FILE = YES;
				INFOPLIST_FILE = SeSAC4PopularCity/Info.plist;
				INFOPLIST_KEY_UIApplicationSupportsIndirectInputEvents = YES;
				INFOPLIST_KEY_UILaunchStoryboardName = LaunchScreen;
				INFOPLIST_KEY_UIMainStoryboardFile = Main;
				INFOPLIST_KEY_UISupportedInterfaceOrientations = UIInterfaceOrientationPortrait;
				INFOPLIST_KEY_UISupportedInterfaceOrientations_iPad = "UIInterfaceOrientationLandscapeLeft UIInterfaceOrientationLandscapeRight UIInterfaceOrientationPortrait UIInterfaceOrientationPortraitUpsideDown";
				LD_RUNPATH_SEARCH_PATHS = (
					"$(inherited)",
					"@executable_path/Frameworks",
				);
				MARKETING_VERSION = 1.0;
				PRODUCT_BUNDLE_IDENTIFIER = com.misung.SeSAC4PopularCity;
				PRODUCT_NAME = "$(TARGET_NAME)";
				SUPPORTED_PLATFORMS = "iphoneos iphonesimulator";
				SUPPORTS_MACCATALYST = NO;
				SUPPORTS_MAC_DESIGNED_FOR_IPHONE_IPAD = NO;
				SWIFT_EMIT_LOC_STRINGS = YES;
				SWIFT_VERSION = 5.0;
				TARGETED_DEVICE_FAMILY = 1;
			};
			name = Debug;
		};
		FA566AD62B4D6E1600A1C034 /* Release */ = {
			isa = XCBuildConfiguration;
			buildSettings = {
				ASSETCATALOG_COMPILER_APPICON_NAME = AppIcon;
				ASSETCATALOG_COMPILER_GLOBAL_ACCENT_COLOR_NAME = AccentColor;
				CODE_SIGN_STYLE = Automatic;
				CURRENT_PROJECT_VERSION = 1;
				DEVELOPMENT_TEAM = JJS82CC46U;
				GENERATE_INFOPLIST_FILE = YES;
				INFOPLIST_FILE = SeSAC4PopularCity/Info.plist;
				INFOPLIST_KEY_UIApplicationSupportsIndirectInputEvents = YES;
				INFOPLIST_KEY_UILaunchStoryboardName = LaunchScreen;
				INFOPLIST_KEY_UIMainStoryboardFile = Main;
				INFOPLIST_KEY_UISupportedInterfaceOrientations = UIInterfaceOrientationPortrait;
				INFOPLIST_KEY_UISupportedInterfaceOrientations_iPad = "UIInterfaceOrientationLandscapeLeft UIInterfaceOrientationLandscapeRight UIInterfaceOrientationPortrait UIInterfaceOrientationPortraitUpsideDown";
				LD_RUNPATH_SEARCH_PATHS = (
					"$(inherited)",
					"@executable_path/Frameworks",
				);
				MARKETING_VERSION = 1.0;
				PRODUCT_BUNDLE_IDENTIFIER = com.misung.SeSAC4PopularCity;
				PRODUCT_NAME = "$(TARGET_NAME)";
				SUPPORTED_PLATFORMS = "iphoneos iphonesimulator";
				SUPPORTS_MACCATALYST = NO;
				SUPPORTS_MAC_DESIGNED_FOR_IPHONE_IPAD = NO;
				SWIFT_EMIT_LOC_STRINGS = YES;
				SWIFT_VERSION = 5.0;
				TARGETED_DEVICE_FAMILY = 1;
			};
			name = Release;
		};
/* End XCBuildConfiguration section */

/* Begin XCConfigurationList section */
		FA566ABB2B4D6E1400A1C034 /* Build configuration list for PBXProject "SeSAC4PopularCity" */ = {
			isa = XCConfigurationList;
			buildConfigurations = (
				FA566AD22B4D6E1600A1C034 /* Debug */,
				FA566AD32B4D6E1600A1C034 /* Release */,
			);
			defaultConfigurationIsVisible = 0;
			defaultConfigurationName = Release;
		};
		FA566AD42B4D6E1600A1C034 /* Build configuration list for PBXNativeTarget "SeSAC4PopularCity" */ = {
			isa = XCConfigurationList;
			buildConfigurations = (
				FA566AD52B4D6E1600A1C034 /* Debug */,
				FA566AD62B4D6E1600A1C034 /* Release */,
			);
			defaultConfigurationIsVisible = 0;
			defaultConfigurationName = Release;
		};
/* End XCConfigurationList section */

/* Begin XCRemoteSwiftPackageReference section */
		FA566AD72B4D6E2B00A1C034 /* XCRemoteSwiftPackageReference "Kingfisher" */ = {
			isa = XCRemoteSwiftPackageReference;
			repositoryURL = "https://github.com/onevcat/Kingfisher.git";
			requirement = {
				kind = upToNextMajorVersion;
				minimumVersion = 7.10.1;
			};
		};
/* End XCRemoteSwiftPackageReference section */

/* Begin XCSwiftPackageProductDependency section */
		FA566AD82B4D6E2B00A1C034 /* Kingfisher */ = {
			isa = XCSwiftPackageProductDependency;
			package = FA566AD72B4D6E2B00A1C034 /* XCRemoteSwiftPackageReference "Kingfisher" */;
			productName = Kingfisher;
		};
/* End XCSwiftPackageProductDependency section */
	};
	rootObject = FA566AB82B4D6E1400A1C034 /* Project object */;
}
